
Microsoft Visual Studio Solution File, Format Version 12.00
# Visual Studio Version 17
VisualStudioVersion = 17.0.32014.148
MinimumVisualStudioVersion = 10.0.40219.1
Project("{FAE04EC0-301F-11D3-BF4B-00C04F79EFBC}") = "ATM_MANAGEMENT_SYSTEM", "ATM_MANAGEMENT_SYSTEM.csproj", "{852C3352-3FE6-4B73-BD80-9C3CD92015CA}"
EndProject
Global
	GlobalSection(SolutionConfigurationPlatforms) = preSolution
		Debug|Any CPU = Debug|Any CPU
		Release|Any CPU = Release|Any CPU
	EndGlobalSection
	GlobalSection(ProjectConfigurationPlatforms) = postSolution
		{852C3352-3FE6-4B73-BD80-9C3CD92015CA}.Debug|Any CPU.ActiveCfg = Debug|Any CPU
		{852C3352-3FE6-4B73-BD80-9C3CD92015CA}.Debug|Any CPU.Build.0 = Debug|Any CPU
		{852C3352-3FE6-4B73-BD80-9C3CD92015CA}.Release|Any CPU.ActiveCfg = Release|Any CPU
		{852C3352-3FE6-4B73-BD80-9C3CD92015CA}.Release|Any CPU.Build.0 = Release|Any CPU
	EndGlobalSection
	GlobalSection(SolutionProperties) = preSolution
		HideSolutionNode = FALSE
	EndGlobalSection
	GlobalSection(ExtensibilityGlobals) = postSolution
		SolutionGuid = {E10D2829-6EDF-4612-9B0E-018F1A846DC3}
	EndGlobalSection
EndGlobal
